
Microsoft Visual Studio Solution File, Format Version 12.00
# Visual Studio 15
VisualStudioVersion = 15.0.26124.0
MinimumVisualStudioVersion = 15.0.26124.0
Project("{2150E333-8FDC-42A3-9474-1A3956D46DE8}") = "src", "src", "{1FDA6910-CEC3-42E2-AC8D-647A736D43F8}"
EndProject
Project("{FAE04EC0-301F-11D3-BF4B-00C04F79EFBC}") = "web", "src\web\web.csproj", "{B8221F31-1998-477C-8B07-39C6B59DF15F}"
EndProject
Project("{2150E333-8FDC-42A3-9474-1A3956D46DE8}") = "test", "test", "{094FAB3C-EB56-4606-8D3E-03082D374BB4}"
EndProject
Project("{FAE04EC0-301F-11D3-BF4B-00C04F79EFBC}") = "web.test", "test\web.test\web.test.csproj", "{F74A5803-5CB1-409B-A57B-ED8877129758}"
EndProject
Global
	GlobalSection(SolutionConfigurationPlatforms) = preSolution
		Debug|Any CPU = Debug|Any CPU
		Debug|x64 = Debug|x64
		Debug|x86 = Debug|x86
		Release|Any CPU = Release|Any CPU
		Release|x64 = Release|x64
		Release|x86 = Release|x86
	EndGlobalSection
	GlobalSection(SolutionProperties) = preSolution
		HideSolutionNode = FALSE
	EndGlobalSection
	GlobalSection(ProjectConfigurationPlatforms) = postSolution
		{B8221F31-1998-477C-8B07-39C6B59DF15F}.Debug|Any CPU.ActiveCfg = Debug|Any CPU
		{B8221F31-1998-477C-8B07-39C6B59DF15F}.Debug|Any CPU.Build.0 = Debug|Any CPU
		{B8221F31-1998-477C-8B07-39C6B59DF15F}.Debug|x64.ActiveCfg = Debug|Any CPU
		{B8221F31-1998-477C-8B07-39C6B59DF15F}.Debug|x64.Build.0 = Debug|Any CPU
		{B8221F31-1998-477C-8B07-39C6B59DF15F}.Debug|x86.ActiveCfg = Debug|Any CPU
		{B8221F31-1998-477C-8B07-39C6B59DF15F}.Debug|x86.Build.0 = Debug|Any CPU
		{B8221F31-1998-477C-8B07-39C6B59DF15F}.Release|Any CPU.ActiveCfg = Release|Any CPU
		{B8221F31-1998-477C-8B07-39C6B59DF15F}.Release|Any CPU.Build.0 = Release|Any CPU
		{B8221F31-1998-477C-8B07-39C6B59DF15F}.Release|x64.ActiveCfg = Release|Any CPU
		{B8221F31-1998-477C-8B07-39C6B59DF15F}.Release|x64.Build.0 = Release|Any CPU
		{B8221F31-1998-477C-8B07-39C6B59DF15F}.Release|x86.ActiveCfg = Release|Any CPU
		{B8221F31-1998-477C-8B07-39C6B59DF15F}.Release|x86.Build.0 = Release|Any CPU
		{F74A5803-5CB1-409B-A57B-ED8877129758}.Debug|Any CPU.ActiveCfg = Debug|Any CPU
		{F74A5803-5CB1-409B-A57B-ED8877129758}.Debug|Any CPU.Build.0 = Debug|Any CPU
		{F74A5803-5CB1-409B-A57B-ED8877129758}.Debug|x64.ActiveCfg = Debug|Any CPU
		{F74A5803-5CB1-409B-A57B-ED8877129758}.Debug|x64.Build.0 = Debug|Any CPU
		{F74A5803-5CB1-409B-A57B-ED8877129758}.Debug|x86.ActiveCfg = Debug|Any CPU
		{F74A5803-5CB1-409B-A57B-ED8877129758}.Debug|x86.Build.0 = Debug|Any CPU
		{F74A5803-5CB1-409B-A57B-ED8877129758}.Release|Any CPU.ActiveCfg = Release|Any CPU
		{F74A5803-5CB1-409B-A57B-ED8877129758}.Release|Any CPU.Build.0 = Release|Any CPU
		{F74A5803-5CB1-409B-A57B-ED8877129758}.Release|x64.ActiveCfg = Release|Any CPU
		{F74A5803-5CB1-409B-A57B-ED8877129758}.Release|x64.Build.0 = Release|Any CPU
		{F74A5803-5CB1-409B-A57B-ED8877129758}.Release|x86.ActiveCfg = Release|Any CPU
		{F74A5803-5CB1-409B-A57B-ED8877129758}.Release|x86.Build.0 = Release|Any CPU
	EndGlobalSection
	GlobalSection(NestedProjects) = preSolution
		{B8221F31-1998-477C-8B07-39C6B59DF15F} = {1FDA6910-CEC3-42E2-AC8D-647A736D43F8}
		{F74A5803-5CB1-409B-A57B-ED8877129758} = {094FAB3C-EB56-4606-8D3E-03082D374BB4}
	EndGlobalSection
EndGlobal
